
Microsoft Visual Studio Solution File, Format Version 12.00
# Visual Studio 2013
VisualStudioVersion = 12.0.31101.0
MinimumVisualStudioVersion = 10.0.40219.1
Project("{FAE04EC0-301F-11D3-BF4B-00C04F79EFBC}") = "CASCExplorer", "CASCExplorer\CASCExplorer.csproj", "{CB208F91-B1E8-4319-B4C0-2F4E15A4BFBC}"
EndProject
Project("{FAE04EC0-301F-11D3-BF4B-00C04F79EFBC}") = "CASCConsole", "CASCConsole\CASCConsole.csproj", "{85502A7B-1B1B-4A02-B37F-11600B6194FD}"
EndProject
Project("{FAE04EC0-301F-11D3-BF4B-00C04F79EFBC}") = "CascLib", "CascLib\CascLib.csproj", "{E08E1E48-6585-4137-8405-661C62C10713}"
EndProject
Project("{FAE04EC0-301F-11D3-BF4B-00C04F79EFBC}") = "SereniaBLPLib", "SereniaBLPLib\SereniaBLPLib\SereniaBLPLib.csproj", "{4ED9F877-A9BB-470F-B35C-694147472080}"
EndProject
Global
	GlobalSection(SolutionConfigurationPlatforms) = preSolution
		Debug|Any CPU = Debug|Any CPU
		Release|Any CPU = Release|Any CPU
	EndGlobalSection
	GlobalSection(ProjectConfigurationPlatforms) = postSolution
		{CB208F91-B1E8-4319-B4C0-2F4E15A4BFBC}.Debug|Any CPU.ActiveCfg = Debug|Any CPU
		{CB208F91-B1E8-4319-B4C0-2F4E15A4BFBC}.Debug|Any CPU.Build.0 = Debug|Any CPU
		{CB208F91-B1E8-4319-B4C0-2F4E15A4BFBC}.Release|Any CPU.ActiveCfg = Release|Any CPU
		{CB208F91-B1E8-4319-B4C0-2F4E15A4BFBC}.Release|Any CPU.Build.0 = Release|Any CPU
		{85502A7B-1B1B-4A02-B37F-11600B6194FD}.Debug|Any CPU.ActiveCfg = Debug|Any CPU
		{85502A7B-1B1B-4A02-B37F-11600B6194FD}.Debug|Any CPU.Build.0 = Debug|Any CPU
		{85502A7B-1B1B-4A02-B37F-11600B6194FD}.Release|Any CPU.ActiveCfg = Release|Any CPU
		{85502A7B-1B1B-4A02-B37F-11600B6194FD}.Release|Any CPU.Build.0 = Release|Any CPU
		{E08E1E48-6585-4137-8405-661C62C10713}.Debug|Any CPU.ActiveCfg = Debug|Any CPU
		{E08E1E48-6585-4137-8405-661C62C10713}.Debug|Any CPU.Build.0 = Debug|Any CPU
		{E08E1E48-6585-4137-8405-661C62C10713}.Release|Any CPU.ActiveCfg = Release|Any CPU
		{E08E1E48-6585-4137-8405-661C62C10713}.Release|Any CPU.Build.0 = Release|Any CPU
		{4ED9F877-A9BB-470F-B35C-694147472080}.Debug|Any CPU.ActiveCfg = Debug|Any CPU
		{4ED9F877-A9BB-470F-B35C-694147472080}.Debug|Any CPU.Build.0 = Debug|Any CPU
		{4ED9F877-A9BB-470F-B35C-694147472080}.Release|Any CPU.ActiveCfg = Release|Any CPU
		{4ED9F877-A9BB-470F-B35C-694147472080}.Release|Any CPU.Build.0 = Release|Any CPU
	EndGlobalSection
	GlobalSection(SolutionProperties) = preSolution
		HideSolutionNode = FALSE
	EndGlobalSection
EndGlobal
